
Microsoft Visual Studio Solution File, Format Version 12.00
# Visual Studio Version 17
VisualStudioVersion = 17.0.31903.59
MinimumVisualStudioVersion = 10.0.40219.1
Project("{FAE04EC0-301F-11D3-BF4B-00C04F79EFBC}") = "UxTracker.Api", "UxTracker.Api\UxTracker.Api.csproj", "{306E38FB-77B3-4DB5-83E5-862620E57851}"
EndProject
Project("{FAE04EC0-301F-11D3-BF4B-00C04F79EFBC}") = "UxTracker.Infra", "UxTracker.Infra\UxTracker.Infra.csproj", "{A4C3E4FB-9CFE-4E24-BBDF-03D14209CC25}"
EndProject
Project("{FAE04EC0-301F-11D3-BF4B-00C04F79EFBC}") = "UxTracker.Core", "UxTracker.Core\UxTracker.Core.csproj", "{80E3CC24-042B-43C8-B4ED-836224353683}"
EndProject
Project("{FAE04EC0-301F-11D3-BF4B-00C04F79EFBC}") = "UxTracker.Web", "UxTracker.Web\UxTracker.Web.csproj", "{43045830-1CBA-469C-8775-222CA61EA53F}"
EndProject
Project("{FAE04EC0-301F-11D3-BF4B-00C04F79EFBC}") = "UxTracker.UnitTests", "UxTracker.UnitTests\UxTracker.UnitTests.csproj", "{C877F57E-4342-4835-B5E7-4937F1F7880A}"
EndProject
Project("{FAE04EC0-301F-11D3-BF4B-00C04F79EFBC}") = "UxTracker.WebTests", "UxTracker.WebTests\UxTracker.WebTests.csproj", "{6D6D9899-A0CA-4934-B100-408BF3AC7061}"
EndProject
Project("{2150E333-8FDC-42A3-9474-1A3956D46DE8}") = "Solution Items", "Solution Items", "{54956E17-F221-4DB2-9CC1-41C54FEC1AE6}"
	ProjectSection(SolutionItems) = preProject
		docker-compose.dev.yml = docker-compose.dev.yml
	EndProjectSection
EndProject
Global
	GlobalSection(SolutionConfigurationPlatforms) = preSolution
		Debug|Any CPU = Debug|Any CPU
		Release|Any CPU = Release|Any CPU
	EndGlobalSection
	GlobalSection(SolutionProperties) = preSolution
		HideSolutionNode = FALSE
	EndGlobalSection
	GlobalSection(ProjectConfigurationPlatforms) = postSolution
		{306E38FB-77B3-4DB5-83E5-862620E57851}.Debug|Any CPU.ActiveCfg = Debug|Any CPU
		{306E38FB-77B3-4DB5-83E5-862620E57851}.Debug|Any CPU.Build.0 = Debug|Any CPU
		{306E38FB-77B3-4DB5-83E5-862620E57851}.Release|Any CPU.ActiveCfg = Release|Any CPU
		{306E38FB-77B3-4DB5-83E5-862620E57851}.Release|Any CPU.Build.0 = Release|Any CPU
		{A4C3E4FB-9CFE-4E24-BBDF-03D14209CC25}.Debug|Any CPU.ActiveCfg = Debug|Any CPU
		{A4C3E4FB-9CFE-4E24-BBDF-03D14209CC25}.Debug|Any CPU.Build.0 = Debug|Any CPU
		{A4C3E4FB-9CFE-4E24-BBDF-03D14209CC25}.Release|Any CPU.ActiveCfg = Release|Any CPU
		{A4C3E4FB-9CFE-4E24-BBDF-03D14209CC25}.Release|Any CPU.Build.0 = Release|Any CPU
		{80E3CC24-042B-43C8-B4ED-836224353683}.Debug|Any CPU.ActiveCfg = Debug|Any CPU
		{80E3CC24-042B-43C8-B4ED-836224353683}.Debug|Any CPU.Build.0 = Debug|Any CPU
		{80E3CC24-042B-43C8-B4ED-836224353683}.Release|Any CPU.ActiveCfg = Release|Any CPU
		{80E3CC24-042B-43C8-B4ED-836224353683}.Release|Any CPU.Build.0 = Release|Any CPU
		{43045830-1CBA-469C-8775-222CA61EA53F}.Debug|Any CPU.ActiveCfg = Debug|Any CPU
		{43045830-1CBA-469C-8775-222CA61EA53F}.Debug|Any CPU.Build.0 = Debug|Any CPU
		{43045830-1CBA-469C-8775-222CA61EA53F}.Release|Any CPU.ActiveCfg = Release|Any CPU
		{43045830-1CBA-469C-8775-222CA61EA53F}.Release|Any CPU.Build.0 = Release|Any CPU
		{C877F57E-4342-4835-B5E7-4937F1F7880A}.Debug|Any CPU.ActiveCfg = Debug|Any CPU
		{C877F57E-4342-4835-B5E7-4937F1F7880A}.Debug|Any CPU.Build.0 = Debug|Any CPU
		{C877F57E-4342-4835-B5E7-4937F1F7880A}.Release|Any CPU.ActiveCfg = Release|Any CPU
		{C877F57E-4342-4835-B5E7-4937F1F7880A}.Release|Any CPU.Build.0 = Release|Any CPU
		{6D6D9899-A0CA-4934-B100-408BF3AC7061}.Debug|Any CPU.ActiveCfg = Debug|Any CPU
		{6D6D9899-A0CA-4934-B100-408BF3AC7061}.Debug|Any CPU.Build.0 = Debug|Any CPU
		{6D6D9899-A0CA-4934-B100-408BF3AC7061}.Release|Any CPU.ActiveCfg = Release|Any CPU
		{6D6D9899-A0CA-4934-B100-408BF3AC7061}.Release|Any CPU.Build.0 = Release|Any CPU
	EndGlobalSection
EndGlobal
